schema: '2.0'
stages:
  gather_data:
    cmd: python src/get_data.py
    deps:
    - path: data/processed/ai4i2020.csv
      md5: 41cf64e25787e93c47aaa77bbc63bf70
      size: 405506
    - path: src/get_data.py
      md5: 6f906e59cbe7f150550d4ab5bd702341
      size: 1101
  split_data:
    cmd: python src/split_data.py
    deps:
    - path: data/processed/ai4i2020.csv
      md5: 41cf64e25787e93c47aaa77bbc63bf70
      size: 405506
    - path: src/split_data.py
      md5: 6321a8d13790e3a40fa2bac60204452d
      size: 2011
    params:
      params.yaml:
        split_data.random_state: 42
    outs:
    - path: data/processed/test_features.csv
      md5: 20c6c9a476b1fc41639ac3fb3d96186f
      size: 69755
    - path: data/processed/test_labels.csv
      md5: 3491852dadae93505218e90068dc7eb7
      size: 13384
    - path: data/processed/training_features.csv
      md5: f7639bb9cfc58af6a64176940ef111e5
      size: 278597
    - path: data/processed/training_labels.csv
      md5: cfcb8f519e94bb880aedec76b134af18
      size: 53445
  train_and_evaluate:
    cmd: python src/train_and_evaluate.py
    deps:
    - path: data/processed/test_features.csv
      md5: 20c6c9a476b1fc41639ac3fb3d96186f
      size: 69755
    - path: data/processed/test_labels.csv
      md5: 3491852dadae93505218e90068dc7eb7
      size: 13384
    - path: data/processed/training_features.csv
      md5: f7639bb9cfc58af6a64176940ef111e5
      size: 278597
    - path: data/processed/training_labels.csv
      md5: cfcb8f519e94bb880aedec76b134af18
      size: 53445
    - path: src/train_and_evaluate.py
      md5: 3ce9907bdcc63229f7bfc051b027660d
      size: 6900
    outs:
    - path: reports/scores.json
      md5: 403730f71fd7ca9ab32de854f803dbfc
      size: 207
    - path: saved_models/model.pkl
      md5: 9f66e432cf3c096cd21e5133c3236ec5
      size: 598
    - path: saved_transformation_objects/scaler.pkl
      md5: 5646ed9a1fcfbe179d57df186b234e58
      size: 907
