schema: '2.0'
stages:
  gather_data:
    cmd: python src/get_data.py
    deps:
    - path: data/processed/ai4i2020.csv
      md5: 41cf64e25787e93c47aaa77bbc63bf70
      size: 405506
    - path: src/get_data.py
      md5: da95130684b52e18a2b284e96f9005e9
      size: 1113
  split_data:
    cmd: python src/split_data.py
    deps:
    - path: data/processed/ai4i2020.csv
      md5: 41cf64e25787e93c47aaa77bbc63bf70
      size: 405506
    - path: src/split_data.py
      md5: 6321a8d13790e3a40fa2bac60204452d
      size: 2011
    outs:
    - path: data/processed/test_features.csv
      md5: 20c6c9a476b1fc41639ac3fb3d96186f
      size: 69755
    - path: data/processed/test_labels.csv
      md5: 3491852dadae93505218e90068dc7eb7
      size: 13384
    - path: data/processed/training_features.csv
      md5: f7639bb9cfc58af6a64176940ef111e5
      size: 278597
    - path: data/processed/training_labels.csv
      md5: cfcb8f519e94bb880aedec76b134af18
      size: 53445
